{
  "nodes": {
    "flake-parts": {
      "inputs": {
        "nixpkgs-lib": [
          "root",
          "nixpkgs"
        ]
      },
      "locked": {
        "lastModified": 1775087534,
        "narHash": "sha256-91qqW8lhL7TLwgQWijoGBbiD4t7/q75KTi8NxjVmSmA=",
        "owner": "hercules-ci",
        "repo": "flake-parts",
        "rev": "3107b77cd68437b9a76194f0f7f9c55f2329ca5b",
        "type": "github"
      },
      "original": {
        "owner": "hercules-ci",
        "repo": "flake-parts",
        "type": "github"
      }
    },
    "hercules-ci-effects": {
      "inputs": {
        "flake-parts": [
          "flake-parts"
        ],
        "nixpkgs": [
          "nixpkgs"
        ]
      },
      "locked": {
        "lastModified": 1773550609,
        "narHash": "sha256-neu7ixXHjV3LobVjOndkL97u+6UF6Yoh+CUnzX7kUBQ=",
        "owner": "hercules-ci",
        "repo": "hercules-ci-effects",
        "rev": "554f6ed448ca74c00aa2371cde901ae1e73005b9",
        "type": "github"
      },
      "original": {
        "owner": "hercules-ci",
        "repo": "hercules-ci-effects",
        "type": "github"
      }
    },
    "nixpkgs": {
      "locked": {
        "lastModified": 1775126147,
        "narHash": "sha256-J0dZU4atgcfo4QvM9D92uQ0Oe1eLTxBVXjJzdEMQpD0=",
        "owner": "NixOS",
        "repo": "nixpkgs",
        "rev": "8d8c1fa5b412c223ffa47410867813290cdedfef",
        "type": "github"
      },
      "original": {
        "owner": "NixOS",
        "ref": "nixpkgs-unstable",
        "repo": "nixpkgs",
        "type": "github"
      }
    },
    "root": {
      "inputs": {
        "flake-parts": [
          "root",
          "flake-parts"
        ],
        "hercules-ci-effects": "hercules-ci-effects",
        "nixpkgs": [
          "root",
          "nixpkgs"
        ],
        "root": "root_2"
      }
    },
    "root_2": {
      "inputs": {
        "flake-parts": "flake-parts",
        "nixpkgs": "nixpkgs",
        "vscode-langservers-src": "vscode-langservers-src"
      },
      "locked": {
        "path": "../..",
        "type": "path"
      },
      "original": {
        "path": "../..",
        "type": "path"
      },
      "parent": []
    },
    "vscode-langservers-src": {
      "flake": false,
      "locked": {
        "lastModified": 1762318462,
        "narHash": "sha256-VpCifcSg7H6d03c/BPeW1bHd7xxGff/V3P4pctcJmDY=",
        "owner": "zed-industries",
        "repo": "vscode-langservers-extracted",
        "rev": "4f4cc2967588f578c52ce47f1af40c43437b1402",
        "type": "github"
      },
      "original": {
        "owner": "zed-industries",
        "ref": "v4.10.7",
        "repo": "vscode-langservers-extracted",
        "type": "github"
      }
    }
  },
  "root": "root",
  "version": 7
}
